
Microsoft Visual Studio Solution File, Format Version 12.00
# Visual Studio Version 17
VisualStudioVersion = 17.3.32901.215
MinimumVisualStudioVersion = 10.0.40219.1
Project("{FAE04EC0-301F-11D3-BF4B-00C04F79EFBC}") = "Trifo(Inventory_Management)", "Trifo(Inventory_Management)\Trifo(Inventory_Management).csproj", "{844D71F1-2552-4156-9DA8-115598389ECF}"
EndProject
Global
	GlobalSection(SolutionConfigurationPlatforms) = preSolution
		Debug|Any CPU = Debug|Any CPU
		Release|Any CPU = Release|Any CPU
	EndGlobalSection
	GlobalSection(ProjectConfigurationPlatforms) = postSolution
		{844D71F1-2552-4156-9DA8-115598389ECF}.Debug|Any CPU.ActiveCfg = Debug|Any CPU
		{844D71F1-2552-4156-9DA8-115598389ECF}.Debug|Any CPU.Build.0 = Debug|Any CPU
		{844D71F1-2552-4156-9DA8-115598389ECF}.Release|Any CPU.ActiveCfg = Release|Any CPU
		{844D71F1-2552-4156-9DA8-115598389ECF}.Release|Any CPU.Build.0 = Release|Any CPU
	EndGlobalSection
	GlobalSection(SolutionProperties) = preSolution
		HideSolutionNode = FALSE
	EndGlobalSection
	GlobalSection(ExtensibilityGlobals) = postSolution
		SolutionGuid = {E1BEF7BC-391D-4C48-A28C-5B400DB8BE41}
	EndGlobalSection
EndGlobal
